
Microsoft Visual Studio Solution File, Format Version 12.00
# Visual Studio Version 17
VisualStudioVersion = 17.0.32126.317
MinimumVisualStudioVersion = 10.0.40219.1
Project("{FAE04EC0-301F-11D3-BF4B-00C04F79EFBC}") = "Homework", "Homework\Homework.csproj", "{2F4DDD99-6A11-4315-8138-9F164B5ABBAC}"
EndProject
Project("{FAE04EC0-301F-11D3-BF4B-00C04F79EFBC}") = "Task1", "Task1\Task1.csproj", "{B1C324F9-02B2-4A45-81B0-CC5DBFCB9A29}"
EndProject
Project("{FAE04EC0-301F-11D3-BF4B-00C04F79EFBC}") = "Lesson", "Lesson\Lesson.csproj", "{A5548AB0-2018-4693-94DE-7F6CCC89C5A3}"
EndProject
Global
	GlobalSection(SolutionConfigurationPlatforms) = preSolution
		Debug|Any CPU = Debug|Any CPU
		Release|Any CPU = Release|Any CPU
	EndGlobalSection
	GlobalSection(ProjectConfigurationPlatforms) = postSolution
		{2F4DDD99-6A11-4315-8138-9F164B5ABBAC}.Debug|Any CPU.ActiveCfg = Debug|Any CPU
		{2F4DDD99-6A11-4315-8138-9F164B5ABBAC}.Debug|Any CPU.Build.0 = Debug|Any CPU
		{2F4DDD99-6A11-4315-8138-9F164B5ABBAC}.Release|Any CPU.ActiveCfg = Release|Any CPU
		{2F4DDD99-6A11-4315-8138-9F164B5ABBAC}.Release|Any CPU.Build.0 = Release|Any CPU
		{B1C324F9-02B2-4A45-81B0-CC5DBFCB9A29}.Debug|Any CPU.ActiveCfg = Debug|Any CPU
		{B1C324F9-02B2-4A45-81B0-CC5DBFCB9A29}.Debug|Any CPU.Build.0 = Debug|Any CPU
		{B1C324F9-02B2-4A45-81B0-CC5DBFCB9A29}.Release|Any CPU.ActiveCfg = Release|Any CPU
		{B1C324F9-02B2-4A45-81B0-CC5DBFCB9A29}.Release|Any CPU.Build.0 = Release|Any CPU
		{A5548AB0-2018-4693-94DE-7F6CCC89C5A3}.Debug|Any CPU.ActiveCfg = Debug|Any CPU
		{A5548AB0-2018-4693-94DE-7F6CCC89C5A3}.Debug|Any CPU.Build.0 = Debug|Any CPU
		{A5548AB0-2018-4693-94DE-7F6CCC89C5A3}.Release|Any CPU.ActiveCfg = Release|Any CPU
		{A5548AB0-2018-4693-94DE-7F6CCC89C5A3}.Release|Any CPU.Build.0 = Release|Any CPU
	EndGlobalSection
	GlobalSection(SolutionProperties) = preSolution
		HideSolutionNode = FALSE
	EndGlobalSection
	GlobalSection(ExtensibilityGlobals) = postSolution
		SolutionGuid = {6AB1A237-081C-407F-B79F-886DC941CF50}
	EndGlobalSection
EndGlobal
